
Microsoft Visual Studio Solution File, Format Version 12.00
# Visual Studio Version 16
VisualStudioVersion = 16.0.29920.165
MinimumVisualStudioVersion = 10.0.40219.1
Project("{FAE04EC0-301F-11D3-BF4B-00C04F79EFBC}") = "T10_EJERCICIO2", "T10_EJERCICIO2.csproj", "{CD107BFE-1723-4B07-93A8-E6CE715AA043}"
EndProject
Global
	GlobalSection(SolutionConfigurationPlatforms) = preSolution
		Debug|Any CPU = Debug|Any CPU
		Release|Any CPU = Release|Any CPU
	EndGlobalSection
	GlobalSection(ProjectConfigurationPlatforms) = postSolution
		{CD107BFE-1723-4B07-93A8-E6CE715AA043}.Debug|Any CPU.ActiveCfg = Debug|Any CPU
		{CD107BFE-1723-4B07-93A8-E6CE715AA043}.Debug|Any CPU.Build.0 = Debug|Any CPU
		{CD107BFE-1723-4B07-93A8-E6CE715AA043}.Release|Any CPU.ActiveCfg = Release|Any CPU
		{CD107BFE-1723-4B07-93A8-E6CE715AA043}.Release|Any CPU.Build.0 = Release|Any CPU
	EndGlobalSection
	GlobalSection(SolutionProperties) = preSolution
		HideSolutionNode = FALSE
	EndGlobalSection
	GlobalSection(ExtensibilityGlobals) = postSolution
		SolutionGuid = {75F9BE8D-72CB-49DC-AC3C-B74303AEC289}
	EndGlobalSection
EndGlobal
